
Microsoft Visual Studio Solution File, Format Version 12.00
# Visual Studio 15
VisualStudioVersion = 15.0.27004.2005
MinimumVisualStudioVersion = 10.0.40219.1
Project("{FAE04EC0-301F-11D3-BF4B-00C04F79EFBC}") = "TryToCatchMe", "TryToCatchMe\TryToCatchMe.csproj", "{DA61FBD4-59EE-41AD-905A-B723D3B2CF8D}"
EndProject
Global
	GlobalSection(SolutionConfigurationPlatforms) = preSolution
		Debug|Any CPU = Debug|Any CPU
		Release|Any CPU = Release|Any CPU
	EndGlobalSection
	GlobalSection(ProjectConfigurationPlatforms) = postSolution
		{DA61FBD4-59EE-41AD-905A-B723D3B2CF8D}.Debug|Any CPU.ActiveCfg = Debug|Any CPU
		{DA61FBD4-59EE-41AD-905A-B723D3B2CF8D}.Debug|Any CPU.Build.0 = Debug|Any CPU
		{DA61FBD4-59EE-41AD-905A-B723D3B2CF8D}.Release|Any CPU.ActiveCfg = Release|Any CPU
		{DA61FBD4-59EE-41AD-905A-B723D3B2CF8D}.Release|Any CPU.Build.0 = Release|Any CPU
	EndGlobalSection
	GlobalSection(SolutionProperties) = preSolution
		HideSolutionNode = FALSE
	EndGlobalSection
	GlobalSection(ExtensibilityGlobals) = postSolution
		SolutionGuid = {FD2400F7-D6C7-4CAF-BD33-EC65DF0693C8}
	EndGlobalSection
EndGlobal
